
Microsoft Visual Studio Solution File, Format Version 12.00
# Visual Studio 2012
Project("{8BC9CEB8-8B4A-11D0-8D11-00A0C91BC942}") = "C_function", "C_function\C_function.vcxproj", "{BFF04C68-F291-46D6-9C8F-1B163FC6ADC0}"
EndProject
Global
	GlobalSection(SolutionConfigurationPlatforms) = preSolution
		Debug|Win32 = Debug|Win32
		Release|Win32 = Release|Win32
	EndGlobalSection
	GlobalSection(ProjectConfigurationPlatforms) = postSolution
		{BFF04C68-F291-46D6-9C8F-1B163FC6ADC0}.Debug|Win32.ActiveCfg = Debug|Win32
		{BFF04C68-F291-46D6-9C8F-1B163FC6ADC0}.Debug|Win32.Build.0 = Debug|Win32
		{BFF04C68-F291-46D6-9C8F-1B163FC6ADC0}.Release|Win32.ActiveCfg = Release|Win32
		{BFF04C68-F291-46D6-9C8F-1B163FC6ADC0}.Release|Win32.Build.0 = Release|Win32
	EndGlobalSection
	GlobalSection(SolutionProperties) = preSolution
		HideSolutionNode = FALSE
	EndGlobalSection
EndGlobal
